// !$*UTF8*$!
{
	archiveVersion = 1;
	classes = {
	};
	objectVersion = 46;
	objects = {

/* Begin PBXBuildFile section */
		AD4F5C181CB67C1F00CC6AA0 /* AppDelegate.swift in Sources */ = {isa = PBXBuildFile; fileRef = AD4F5C171CB67C1F00CC6AA0 /* AppDelegate.swift */; };
		AD4F5C1A1CB67C1F00CC6AA0 /* ViewController.swift in Sources */ = {isa = PBXBuildFile; fileRef = AD4F5C191CB67C1F00CC6AA0 /* ViewController.swift */; };
		AD4F5C1D1CB67C1F00CC6AA0 /* Main.storyboard in Resources */ = {isa = PBXBuildFile; fileRef = AD4F5C1B1CB67C1F00CC6AA0 /* Main.storyboard */; };
		AD4F5C1F1CB67C1F00CC6AA0 /* Assets.xcassets in Resources */ = {isa = PBXBuildFile; fileRef = AD4F5C1E1CB67C1F00CC6AA0 /* Assets.xcassets */; };
		AD4F5C221CB67C1F00CC6AA0 /* LaunchScreen.storyboard in Resources */ = {isa = PBXBuildFile; fileRef = AD4F5C201CB67C1F00CC6AA0 /* LaunchScreen.storyboard */; };
/* End PBXBuildFile section */

/* Begin PBXFileReference section */
		AD4F5C141CB67C1F00CC6AA0 /* MiniBrowser.app */ = {isa = PBXFileReference; explicitFileType = wrapper.application; includeInIndex = 0; path = MiniBrowser.app; sourceTree = BUILT_PRODUCTS_DIR; };
		AD4F5C171CB67C1F00CC6AA0 /* AppDelegate.swift */ = {isa = PBXFileReference; lastKnownFileType = sourcecode.swift; path = AppDelegate.swift; sourceTree = "<group>"; };
		AD4F5C191CB67C1F00CC6AA0 /* ViewController.swift */ = {isa = PBXFileReference; lastKnownFileType = sourcecode.swift; path = ViewController.swift; sourceTree = "<group>"; };
		AD4F5C1C1CB67C1F00CC6AA0 /* Base */ = {isa = PBXFileReference; lastKnownFileType = file.storyboard; name = Base; path = Base.lproj/Main.storyboard; sourceTree = "<group>"; };
		AD4F5C1E1CB67C1F00CC6AA0 /* Assets.xcassets */ = {isa = PBXFileReference; lastKnownFileType = folder.assetcatalog; path = Assets.xcassets; sourceTree = "<group>"; };
		AD4F5C211CB67C1F00CC6AA0 /* Base */ = {isa = PBXFileReference; lastKnownFileType = file.storyboard; name = Base; path = Base.lproj/LaunchScreen.storyboard; sourceTree = "<group>"; };
		AD4F5C231CB67C1F00CC6AA0 /* Info.plist */ = {isa = PBXFileReference; lastKnownFileType = text.plist.xml; path = Info.plist; sourceTree = "<group>"; };
/* End PBXFileReference section */

/* Begin PBXFrameworksBuildPhase section */
		AD4F5C111CB67C1F00CC6AA0 /* Frameworks */ = {
			isa = PBXFrameworksBuildPhase;
			buildActionMask = 2147483647;
			files = (
			);
			runOnlyForDeploymentPostprocessing = 0;
		};
/* End PBXFrameworksBuildPhase section */

/* Begin PBXGroup section */
		AD4F5C0B1CB67C1F00CC6AA0 = {
			isa = PBXGroup;
			children = (
				AD4F5C161CB67C1F00CC6AA0 /* MiniBrowser */,
				AD4F5C151CB67C1F00CC6AA0 /* Products */,
			);
			sourceTree = "<group>";
		};
		AD4F5C151CB67C1F00CC6AA0 /* Products */ = {
			isa = PBXGroup;
			children = (
				AD4F5C141CB67C1F00CC6AA0 /* MiniBrowser.app */,
			);
			name = Products;
			sourceTree = "<group>";
		};
		AD4F5C161CB67C1F00CC6AA0 /* MiniBrowser */ = {
			isa = PBXGroup;
			children = (
				AD4F5C171CB67C1F00CC6AA0 /* AppDelegate.swift */,
				AD4F5C191CB67C1F00CC6AA0 /* ViewController.swift */,
				AD4F5C1B1CB67C1F00CC6AA0 /* Main.storyboard */,
				AD4F5C1E1CB67C1F00CC6AA0 /* Assets.xcassets */,
				AD4F5C201CB67C1F00CC6AA0 /* LaunchScreen.storyboard */,
				AD4F5C231CB67C1F00CC6AA0 /* Info.plist */,
			);
			path = MiniBrowser;
			sourceTree = "<group>";
		};
/* End PBXGroup section */

/* Begin PBXNativeTarget section */
		AD4F5C131CB67C1F00CC6AA0 /* MiniBrowser */ = {
			isa = PBXNativeTarget;
			buildConfigurationList = AD4F5C261CB67C1F00CC6AA0 /* Build configuration list for PBXNativeTarget "MiniBrowser" */;
			buildPhases = (
				AD4F5C101CB67C1F00CC6AA0 /* Sources */,
				AD4F5C111CB67C1F00CC6AA0 /* Frameworks */,
				AD4F5C121CB67C1F00CC6AA0 /* Resources */,
			);
			buildRules = (
			);
			dependencies = (
			);
			name = MiniBrowser;
			productName = MiniBrowser;
			productReference = AD4F5C141CB67C1F00CC6AA0 /* MiniBrowser.app */;
			productType = "com.apple.product-type.application";
		};
/* End PBXNativeTarget section */

/* Begin PBXProject section */
		AD4F5C0C1CB67C1F00CC6AA0 /* Project object */ = {
			isa = PBXProject;
			attributes = {
				LastSwiftUpdateCheck = 0730;
				LastUpgradeCheck = 0730;
				ORGANIZATIONNAME = "JAE HA LEE";
				TargetAttributes = {
					AD4F5C131CB67C1F00CC6AA0 = {
						CreatedOnToolsVersion = 7.3;
					};
				};
			};
			buildConfigurationList = AD4F5C0F1CB67C1F00CC6AA0 /* Build configuration list for PBXProject "MiniBrowser" */;
			compatibilityVersion = "Xcode 3.2";
			developmentRegion = English;
			hasScannedForEncodings = 0;
			knownRegions = (
				en,
				Base,
			);
			mainGroup = AD4F5C0B1CB67C1F00CC6AA0;
			productRefGroup = AD4F5C151CB67C1F00CC6AA0 /* Products */;
			projectDirPath = "";
			projectRoot = "";
			targets = (
				AD4F5C131CB67C1F00CC6AA0 /* MiniBrowser */,
			);
		};
/* End PBXProject section */

/* Begin PBXResourcesBuildPhase section */
		AD4F5C121CB67C1F00CC6AA0 /* Resources */ = {
			isa = PBXResourcesBuildPhase;
			buildActionMask = 2147483647;
			files = (
				AD4F5C221CB67C1F00CC6AA0 /* LaunchScreen.storyboard in Resources */,
				AD4F5C1F1CB67C1F00CC6AA0 /* Assets.xcassets in Resources */,
				AD4F5C1D1CB67C1F00CC6AA0 /* Main.storyboard in Resources */,
			);
			runOnlyForDeploymentPostprocessing = 0;
		};
/* End PBXResourcesBuildPhase section */

/* Begin PBXSourcesBuildPhase section */
		AD4F5C101CB67C1F00CC6AA0 /* Sources */ = {
			isa = PBXSourcesBuildPhase;
			buildActionMask = 2147483647;
			files = (
				AD4F5C1A1CB67C1F00CC6AA0 /* ViewController.swift in Sources */,
				AD4F5C181CB67C1F00CC6AA0 /* AppDelegate.swift in Sources */,
			);
			runOnlyForDeploymentPostprocessing = 0;
		};
/* End PBXSourcesBuildPhase section */

/* Begin PBXVariantGroup section */
		AD4F5C1B1CB67C1F00CC6AA0 /* Main.storyboard */ = {
			isa = PBXVariantGroup;
			children = (
				AD4F5C1C1CB67C1F00CC6AA0 /* Base */,
			);
			name = Main.storyboard;
			sourceTree = "<group>";
		};
		AD4F5C201CB67C1F00CC6AA0 /* LaunchScreen.storyboard */ = {
			isa = PBXVariantGroup;
			children = (
				AD4F5C211CB67C1F00CC6AA0 /* Base */,
			);
			name = LaunchScreen.storyboard;
			sourceTree = "<group>";
		};
/* End PBXVariantGroup section */

/* Begin XCBuildConfiguration section */
		AD4F5C241CB67C1F00CC6AA0 /* Debug */ = {
			isa = XCBuildConfiguration;
			buildSettings = {
				ALWAYS_SEARCH_USER_PATHS = NO;
				CLANG_ANALYZER_NONNULL = YES;
				CLANG_CXX_LANGUAGE_STANDARD = "gnu++0x";
				CLANG_CXX_LIBRARY = "libc++";
				CLANG_ENABLE_MODULES = YES;
				CLANG_ENABLE_OBJC_ARC = YES;
				CLANG_WARN_BOOL_CONVERSION = YES;
				CLANG_WARN_CONSTANT_CONVERSION = YES;
				CLANG_WARN_DIRECT_OBJC_ISA_USAGE = YES_ERROR;
				CLANG_WARN_EMPTY_BODY = YES;
				CLANG_WARN_ENUM_CONVERSION = YES;
				CLANG_WARN_INT_CONVERSION = YES;
				CLANG_WARN_OBJC_ROOT_CLASS = YES_ERROR;
				CLANG_WARN_UNREACHABLE_CODE = YES;
				CLANG_WARN__DUPLICATE_METHOD_MATCH = YES;
				"CODE_SIGN_IDENTITY[sdk=iphoneos*]" = "iPhone Developer";
				COPY_PHASE_STRIP = NO;
				DEBUG_INFORMATION_FORMAT = dwarf;
				ENABLE_STRICT_OBJC_MSGSEND = YES;
				ENABLE_TESTABILITY = YES;
				GCC_C_LANGUAGE_STANDARD = gnu99;
				GCC_DYNAMIC_NO_PIC = NO;
				GCC_NO_COMMON_BLOCKS = YES;
				GCC_OPTIMIZATION_LEVEL = 0;
				GCC_PREPROCESSOR_DEFINITIONS = (
					"DEBUG=1",
					"$(inherited)",
				);
				GCC_WARN_64_TO_32_BIT_CONVERSION = YES;
				GCC_WARN_ABOUT_RETURN_TYPE = YES_ERROR;
				GCC_WARN_UNDECLARED_SELECTOR = YES;
				GCC_WARN_UNINITIALIZED_AUTOS = YES_AGGRESSIVE;
				GCC_WARN_UNUSED_FUNCTION = YES;
				GCC_WARN_UNUSED_VARIABLE = YES;
				IPHONEOS_DEPLOYMENT_TARGET = 9.3;
				MTL_ENABLE_DEBUG_INFO = YES;
				ONLY_ACTIVE_ARCH = YES;
				SDKROOT = iphoneos;
				SWIFT_OPTIMIZATION_LEVEL = "-Onone";
			};
			name = Debug;
		};
		AD4F5C251CB67C1F00CC6AA0 /* Release */ = {
			isa = XCBuildConfiguration;
			buildSettings = {
				ALWAYS_SEARCH_USER_PATHS = NO;
				CLANG_ANALYZER_NONNULL = YES;
				CLANG_CXX_LANGUAGE_STANDARD = "gnu++0x";
				CLANG_CXX_LIBRARY = "libc++";
				CLANG_ENABLE_MODULES = YES;
				CLANG_ENABLE_OBJC_ARC = YES;
				CLANG_WARN_BOOL_CONVERSION = YES;
				CLANG_WARN_CONSTANT_CONVERSION = YES;
				CLANG_WARN_DIRECT_OBJC_ISA_USAGE = YES_ERROR;
				CLANG_WARN_EMPTY_BODY = YES;
				CLANG_WARN_ENUM_CONVERSION = YES;
				CLANG_WARN_INT_CONVERSION = YES;
				CLANG_WARN_OBJC_ROOT_CLASS = YES_ERROR;
				CLANG_WARN_UNREACHABLE_CODE = YES;
				CLANG_WARN__DUPLICATE_METHOD_MATCH = YES;
				"CODE_SIGN_IDENTITY[sdk=iphoneos*]" = "iPhone Developer";
				COPY_PHASE_STRIP = NO;
				DEBUG_INFORMATION_FORMAT = "dwarf-with-dsym";
				ENABLE_NS_ASSERTIONS = NO;
				ENABLE_STRICT_OBJC_MSGSEND = YES;
				GCC_C_LANGUAGE_STANDARD = gnu99;
				GCC_NO_COMMON_BLOCKS = YES;
				GCC_WARN_64_TO_32_BIT_CONVERSION = YES;
				GCC_WARN_ABOUT_RETURN_TYPE = YES_ERROR;
				GCC_WARN_UNDECLARED_SELECTOR = YES;
				GCC_WARN_UNINITIALIZED_AUTOS = YES_AGGRESSIVE;
				GCC_WARN_UNUSED_FUNCTION = YES;
				GCC_WARN_UNUSED_VARIABLE = YES;
				IPHONEOS_DEPLOYMENT_TARGET = 9.3;
				MTL_ENABLE_DEBUG_INFO = NO;
				SDKROOT = iphoneos;
				VALIDATE_PRODUCT = YES;
			};
			name = Release;
		};
		AD4F5C271CB67C1F00CC6AA0 /* Debug */ = {
			isa = XCBuildConfiguration;
			buildSettings = {
				ASSETCATALOG_COMPILER_APPICON_NAME = AppIcon;
				INFOPLIST_FILE = MiniBrowser/Info.plist;
				LD_RUNPATH_SEARCH_PATHS = "$(inherited) @executable_path/Frameworks";
				PRODUCT_BUNDLE_IDENTIFIER = kr.bottae.MiniBrowser;
				PRODUCT_NAME = "$(TARGET_NAME)";
			};
			name = Debug;
		};
		AD4F5C281CB67C1F00CC6AA0 /* Release */ = {
			isa = XCBuildConfiguration;
			buildSettings = {
				ASSETCATALOG_COMPILER_APPICON_NAME = AppIcon;
				INFOPLIST_FILE = MiniBrowser/Info.plist;
				LD_RUNPATH_SEARCH_PATHS = "$(inherited) @executable_path/Frameworks";
				PRODUCT_BUNDLE_IDENTIFIER = kr.bottae.MiniBrowser;
				PRODUCT_NAME = "$(TARGET_NAME)";
			};
			name = Release;
		};
/* End XCBuildConfiguration section */

/* Begin XCConfigurationList section */
		AD4F5C0F1CB67C1F00CC6AA0 /* Build configuration list for PBXProject "MiniBrowser" */ = {
			isa = XCConfigurationList;
			buildConfigurations = (
				AD4F5C241CB67C1F00CC6AA0 /* Debug */,
				AD4F5C251CB67C1F00CC6AA0 /* Release */,
			);
			defaultConfigurationIsVisible = 0;
			defaultConfigurationName = Release;
		};
		AD4F5C261CB67C1F00CC6AA0 /* Build configuration list for PBXNativeTarget "MiniBrowser" */ = {
			isa = XCConfigurationList;
			buildConfigurations = (
				AD4F5C271CB67C1F00CC6AA0 /* Debug */,
				AD4F5C281CB67C1F00CC6AA0 /* Release */,
			);
			defaultConfigurationIsVisible = 0;
		};
/* End XCConfigurationList section */
	};
	rootObject = AD4F5C0C1CB67C1F00CC6AA0 /* Project object */;
}
